{
  "name": "sass-2",
  "version": "1.0.0",
  "lockfileVersion": 3,
  "requires": true,
  "packages": {
    "": {
      "name": "sass-2",
      "version": "1.0.0",
      "license": "ISC",
      "dependencies": {
        "ldrs": "^1.0.1",
        "motion-ui": "^2.0.5"
      }
    },
    "node_modules/jquery": {
      "version": "3.7.1",
      "resolved": "https://registry.npmjs.org/jquery/-/jquery-3.7.1.tgz",
      "integrity": "sha512-m4avr8yL8kmFN8psrbFFFmB/If14iN5o9nw/NgnnM+kybDJpRsAynV2BsfpTYrTRysYUdADVD7CkUUizgkpLfg==",
      "peer": true
    },
    "node_modules/ldrs": {
      "version": "1.0.1",
      "resolved": "https://registry.npmjs.org/ldrs/-/ldrs-1.0.1.tgz",
      "integrity": "sha512-eeCP1XEG72Yz6JX50zlYWRJcEfNBrpp8QSzyjD3HHhxrnt4steLX4iDHF3Dezjbnnj5qtuJn7lr1nln+/kpUIQ=="
    },
    "node_modules/motion-ui": {
      "version": "2.0.5",
      "resolved": "https://registry.npmjs.org/motion-ui/-/motion-ui-2.0.5.tgz",
      "integrity": "sha512-MJs4dS7/bSnJ92X5IB4bTIif6SwqwEDbX1F/eiUGSzIVhVTl4UqD8xr8ygg01dXZrpPrDjjUNoVkB8vT+PaY/g==",
      "peerDependencies": {
        "jquery": ">=3.6.0"
      }
    }
  }
}
